{
  "nodes": {
    "alpha": {
      "flake": false,
      "locked": {
        "lastModified": 1708891191,
        "narHash": "sha256-kTVPKZ/e1us/uHfSwFwR38lFYN8EotJq2jKz6xm/eqg=",
        "owner": "goolord",
        "repo": "alpha-nvim",
        "rev": "41283fb402713fc8b327e60907f74e46166f4cfd",
        "type": "github"
      },
      "original": {
        "owner": "goolord",
        "repo": "alpha-nvim",
        "type": "github"
      }
    },
    "autopairs": {
      "flake": false,
      "locked": {
        "lastModified": 1720316333,
        "narHash": "sha256-L19WTFP6m2xfYgzafIkxS5GdweB4CvCShFrDRAgNs7k=",
        "owner": "windwp",
        "repo": "nvim-autopairs",
        "rev": "78a4507bb9ffc9b00f11ae0ac48243d00cb9194d",
        "type": "github"
      },
      "original": {
        "owner": "windwp",
        "repo": "nvim-autopairs",
        "type": "github"
      }
    },
    "avante": {
      "flake": false,
      "locked": {
        "lastModified": 1725182787,
        "narHash": "sha256-aiz/vGrNKPJnZZqd7yEQ1S0bjz66a+QqsoIjAJXO358=",
        "owner": "yetone",
        "repo": "avante.nvim",
        "rev": "3ccb71d7ef21d4a0db62ec08f05bbac5763545ff",
        "type": "github"
      },
      "original": {
        "owner": "yetone",
        "repo": "avante.nvim",
        "type": "github"
      }
    },
    "catppuccin": {
      "flake": false,
      "locked": {
        "lastModified": 1720431611,
        "narHash": "sha256-QRfvEG0z6v+qnUAsvIZf2QGtzHPKniJapooKoOmNGas=",
        "owner": "catppuccin",
        "repo": "nvim",
        "rev": "2d3419c2aead379b7d1854d32458f20ffaa58562",
        "type": "github"
      },
      "original": {
        "owner": "catppuccin",
        "repo": "nvim",
        "type": "github"
      }
    },
    "cmp": {
      "flake": false,
      "locked": {
        "lastModified": 1717829983,
        "narHash": "sha256-7tEfEjWH5pneI10jLYpenoysRQPa2zPGLTNcbMX3x2I=",
        "owner": "hrsh7th",
        "repo": "nvim-cmp",
        "rev": "a110e12d0b58eefcf5b771f533fc2cf3050680ac",
        "type": "github"
      },
      "original": {
        "owner": "hrsh7th",
        "repo": "nvim-cmp",
        "type": "github"
      }
    },
    "cmp-buffer": {
      "flake": false,
      "locked": {
        "lastModified": 1660101488,
        "narHash": "sha256-dG4U7MtnXThoa/PD+qFtCt76MQ14V1wX8GMYcvxEnbM=",
        "owner": "hrsh7th",
        "repo": "cmp-buffer",
        "rev": "3022dbc9166796b644a841a02de8dd1cc1d311fa",
        "type": "github"
      },
      "original": {
        "owner": "hrsh7th",
        "repo": "cmp-buffer",
        "type": "github"
      }
    },
    "cmp-calc": {
      "flake": false,
      "locked": {
        "lastModified": 1716014700,
        "narHash": "sha256-TI1FR0EjzPcjsFdJQ9vXVleQwyXkmqs4TvYyZ8A6cS0=",
        "owner": "hrsh7th",
        "repo": "cmp-calc",
        "rev": "5947b412da67306c5b68698a02a846760059be2e",
        "type": "github"
      },
      "original": {
        "owner": "hrsh7th",
        "repo": "cmp-calc",
        "type": "github"
      }
    },
    "cmp-luasnip": {
      "flake": false,
      "locked": {
        "lastModified": 1719606247,
        "narHash": "sha256-zjefbPMiKxwYsBzE75jQRVNFMDSnCq1hKe1cBBqMRWg=",
        "owner": "L3MON4D3",
        "repo": "LuaSnip",
        "rev": "ce0a05ab4e2839e1c48d072c5236cce846a387bc",
        "type": "github"
      },
      "original": {
        "owner": "L3MON4D3",
        "repo": "LuaSnip",
        "type": "github"
      }
    },
    "cmp-nvim-lsp": {
      "flake": false,
      "locked": {
        "lastModified": 1715931395,
        "narHash": "sha256-CT1+Z4XJBVsl/RqvJeGmyitD6x7So0ylXvvef5jh7I8=",
        "owner": "hrsh7th",
        "repo": "cmp-nvim-lsp",
        "rev": "39e2eda76828d88b773cc27a3f61d2ad782c922d",
        "type": "github"
      },
      "original": {
        "owner": "hrsh7th",
        "repo": "cmp-nvim-lsp",
        "type": "github"
      }
    },
    "cmp-path": {
      "flake": false,
      "locked": {
        "lastModified": 1664784283,
        "narHash": "sha256-thppiiV3wjIaZnAXmsh7j3DUc6ceSCvGzviwFUnoPaI=",
        "owner": "hrsh7th",
        "repo": "cmp-path",
        "rev": "91ff86cd9c29299a64f968ebb45846c485725f23",
        "type": "github"
      },
      "original": {
        "owner": "hrsh7th",
        "repo": "cmp-path",
        "type": "github"
      }
    },
    "cmp-treesitter": {
      "flake": false,
      "locked": {
        "lastModified": 1715596479,
        "narHash": "sha256-8WAk9S+/7vSz7bVHdEzjbKUokU144fvnByIeJ1gAWhU=",
        "owner": "ray-x",
        "repo": "cmp-treesitter",
        "rev": "958fcfa0d8ce46d215e19cc3992c542f576c4123",
        "type": "github"
      },
      "original": {
        "owner": "ray-x",
        "repo": "cmp-treesitter",
        "type": "github"
      }
    },
    "code-action-menu": {
      "flake": false,
      "locked": {
        "lastModified": 1702287297,
        "narHash": "sha256-pY+aP9iBuJhvDZzVEsOHZmnfaq3vUP7TfKEEQrj+Mo8=",
        "owner": "weilbith",
        "repo": "nvim-code-action-menu",
        "rev": "8c7672a4b04d3cc4edd2c484d05b660a9cb34a1b",
        "type": "github"
      },
      "original": {
        "owner": "weilbith",
        "repo": "nvim-code-action-menu",
        "type": "github"
      }
    },
    "cokeline": {
      "flake": false,
      "locked": {
        "lastModified": 1715991329,
        "narHash": "sha256-FXXh+a5hld9e1nW53S7vgumW4AD3bbMuewxmZyN+WvI=",
        "owner": "noib3",
        "repo": "nvim-cokeline",
        "rev": "8145048ae68e05f31979c13b0adf7aa99f04f4c0",
        "type": "github"
      },
      "original": {
        "owner": "noib3",
        "repo": "nvim-cokeline",
        "type": "github"
      }
    },
    "commentary": {
      "flake": false,
      "locked": {
        "lastModified": 1712594061,
        "narHash": "sha256-7praqmXKB1VMaEiRE/mvUdYf7F18V204ICU/VKWtJuw=",
        "owner": "tpope",
        "repo": "vim-commentary",
        "rev": "c4b8f52cbb7142ec239494e5a2c4a512f92c4d07",
        "type": "github"
      },
      "original": {
        "owner": "tpope",
        "repo": "vim-commentary",
        "type": "github"
      }
    },
    "devicons": {
      "flake": false,
      "locked": {
        "lastModified": 1717894639,
        "narHash": "sha256-j/B/E1VltJ/QpVFtDKAdVC4+KZ5Mz8dQP5kd8HIHjLs=",
        "owner": "kyazdani42",
        "repo": "nvim-web-devicons",
        "rev": "c0cfc1738361b5da1cd0a962dd6f774cc444f856",
        "type": "github"
      },
      "original": {
        "owner": "kyazdani42",
        "repo": "nvim-web-devicons",
        "type": "github"
      }
    },
    "dressing": {
      "flake": false,
      "locked": {
        "lastModified": 1723846795,
        "narHash": "sha256-6T2p0hI7/WqaDFQodaDq7uiyuplVqeekayQ2equ/mC0=",
        "owner": "stevearc",
        "repo": "dressing.nvim",
        "rev": "c5775a888adbc50652cb370073fcfec963eca93e",
        "type": "github"
      },
      "original": {
        "owner": "stevearc",
        "repo": "dressing.nvim",
        "type": "github"
      }
    },
    "exrc": {
      "flake": false,
      "locked": {
        "lastModified": 1640233456,
        "narHash": "sha256-p6XUNWyQ1pgaJ22OOw701acmJHT0BwHpW99pOB67TUk=",
        "owner": "ii14",
        "repo": "exrc.vim",
        "rev": "ae734ae2c087b370d869e41a2706a128d8f3fc37",
        "type": "github"
      },
      "original": {
        "owner": "ii14",
        "repo": "exrc.vim",
        "type": "github"
      }
    },
    "flake-compat": {
      "flake": false,
      "locked": {
        "lastModified": 1673956053,
        "narHash": "sha256-4gtG9iQuiKITOjNQQeQIpoIB6b16fm+504Ch3sNKLd8=",
        "owner": "edolstra",
        "repo": "flake-compat",
        "rev": "35bb57c0c8d8b62bbfd284272c928ceb64ddbde9",
        "type": "github"
      },
      "original": {
        "owner": "edolstra",
        "repo": "flake-compat",
        "type": "github"
      }
    },
    "flake-utils": {
      "inputs": {
        "systems": "systems"
      },
      "locked": {
        "lastModified": 1681202837,
        "narHash": "sha256-H+Rh19JDwRtpVPAWp64F+rlEtxUWBAQW28eAi3SRSzg=",
        "owner": "numtide",
        "repo": "flake-utils",
        "rev": "cfacdce06f30d2b68473a46042957675eebb3401",
        "type": "github"
      },
      "original": {
        "owner": "numtide",
        "repo": "flake-utils",
        "type": "github"
      }
    },
    "friendly-snippets": {
      "flake": false,
      "locked": {
        "lastModified": 1720410620,
        "narHash": "sha256-Ldd5JklxkPMzWlVgmSHMY7IuWe+ly6EDy6qwdkROe7c=",
        "owner": "rafamadriz",
        "repo": "friendly-snippets",
        "rev": "45a1b96e46efe5fce8af325d4bed45feb9d29d0f",
        "type": "github"
      },
      "original": {
        "owner": "rafamadriz",
        "repo": "friendly-snippets",
        "type": "github"
      }
    },
    "fugitive": {
      "flake": false,
      "locked": {
        "lastModified": 1720195443,
        "narHash": "sha256-CfwcR1xFUJH3dBfpkyX/sncLopaUPUFPZDfe3aohTNo=",
        "owner": "tpope",
        "repo": "vim-fugitive",
        "rev": "8c8cdf4405cb8bdb70dd9812a33bb52363a87dbc",
        "type": "github"
      },
      "original": {
        "owner": "tpope",
        "repo": "vim-fugitive",
        "type": "github"
      }
    },
    "galaxyline": {
      "flake": false,
      "locked": {
        "lastModified": 1673154369,
        "narHash": "sha256-SgDl3ls6/8FGVeSTNh7C69jslOm3dU1V2X//OBjCxxk=",
        "owner": "glepnir",
        "repo": "galaxyline.nvim",
        "rev": "20f5f750002532a35193f55cd499074fc97d933d",
        "type": "github"
      },
      "original": {
        "owner": "glepnir",
        "repo": "galaxyline.nvim",
        "type": "github"
      }
    },
    "gitsigns": {
      "flake": false,
      "locked": {
        "lastModified": 1720371504,
        "narHash": "sha256-8YD3M/UP17OgwgRwvFxESgsAic2nQTrl0c3WciqjOlc=",
        "owner": "lewis6991",
        "repo": "gitsigns.nvim",
        "rev": "220446c8c86a280180d852efac60991eaf1a21d4",
        "type": "github"
      },
      "original": {
        "owner": "lewis6991",
        "repo": "gitsigns.nvim",
        "type": "github"
      }
    },
    "glow": {
      "flake": false,
      "locked": {
        "lastModified": 1703345545,
        "narHash": "sha256-GsNcASzVvY0066kak2nvUY5luzanoBclqcUOsODww8g=",
        "owner": "ellisonleao",
        "repo": "glow.nvim",
        "rev": "238070a686c1da3bccccf1079700eb4b5e19aea4",
        "type": "github"
      },
      "original": {
        "owner": "ellisonleao",
        "repo": "glow.nvim",
        "type": "github"
      }
    },
    "indent-blankline": {
      "flake": false,
      "locked": {
        "lastModified": 1719545832,
        "narHash": "sha256-PSsXBB2KOFPJJ1O8fpTvsVe2A0/wU6Ae9dN/UemraZM=",
        "owner": "lukas-reineke",
        "repo": "indent-blankline.nvim",
        "rev": "65e20ab94a26d0e14acac5049b8641336819dfc7",
        "type": "github"
      },
      "original": {
        "owner": "lukas-reineke",
        "repo": "indent-blankline.nvim",
        "type": "github"
      }
    },
    "lazygit": {
      "flake": false,
      "locked": {
        "lastModified": 1720479596,
        "narHash": "sha256-BnuFi8TKDsypQ11j2ORJ1JFsFsvAaPtDWm+R7UnIa3M=",
        "owner": "kdheepak",
        "repo": "lazygit.nvim",
        "rev": "dc56df433bfbf107fee0139e187eb9750878fa84",
        "type": "github"
      },
      "original": {
        "owner": "kdheepak",
        "repo": "lazygit.nvim",
        "type": "github"
      }
    },
    "lsp_signature": {
      "flake": false,
      "locked": {
        "lastModified": 1718424851,
        "narHash": "sha256-cU6Xz1ZzRU5JM1qFiUrT3m02JcTJUQR6Grlf87j9ztw=",
        "owner": "ray-x",
        "repo": "lsp_signature.nvim",
        "rev": "a38da0a61c172bb59e34befc12efe48359884793",
        "type": "github"
      },
      "original": {
        "owner": "ray-x",
        "repo": "lsp_signature.nvim",
        "type": "github"
      }
    },
    "lspconfig": {
      "flake": false,
      "locked": {
        "lastModified": 1719990081,
        "narHash": "sha256-Ms3GgwbzOU22hwqE2TgmccZzsXvoE4xYuCioAxRnRu8=",
        "owner": "neovim",
        "repo": "nvim-lspconfig",
        "rev": "cf97d2485fc3f6d4df1b79a3ea183e24c272215e",
        "type": "github"
      },
      "original": {
        "owner": "neovim",
        "repo": "nvim-lspconfig",
        "type": "github"
      }
    },
    "lspkind": {
      "flake": false,
      "locked": {
        "lastModified": 1704982040,
        "narHash": "sha256-/QLdBU/Zwmkw1NGuLBD48tvrmIP9d9WHhgcLEQgRTWo=",
        "owner": "onsails",
        "repo": "lspkind-nvim",
        "rev": "1735dd5a5054c1fb7feaf8e8658dbab925f4f0cf",
        "type": "github"
      },
      "original": {
        "owner": "onsails",
        "repo": "lspkind-nvim",
        "type": "github"
      }
    },
    "lspsaga": {
      "flake": false,
      "locked": {
        "lastModified": 1718111433,
        "narHash": "sha256-yIoeGttdv5dvqzrTwGWl66tmV+Jy62PUPRME1uYo7P0=",
        "owner": "glepnir",
        "repo": "lspsaga.nvim",
        "rev": "6f920cfabddb9b7de5a3a4d0b7cd4f0774ae23e2",
        "type": "github"
      },
      "original": {
        "owner": "glepnir",
        "repo": "lspsaga.nvim",
        "type": "github"
      }
    },
    "luasnip": {
      "flake": false,
      "locked": {
        "lastModified": 1719606247,
        "narHash": "sha256-zjefbPMiKxwYsBzE75jQRVNFMDSnCq1hKe1cBBqMRWg=",
        "owner": "L3MON4D3",
        "repo": "LuaSnip",
        "rev": "ce0a05ab4e2839e1c48d072c5236cce846a387bc",
        "type": "github"
      },
      "original": {
        "owner": "L3MON4D3",
        "repo": "LuaSnip",
        "type": "github"
      }
    },
    "mars-std": {
      "inputs": {
        "flake-compat": "flake-compat",
        "flake-utils": "flake-utils",
        "nixpkgs": "nixpkgs",
        "rust-overlay": "rust-overlay"
      },
      "locked": {
        "lastModified": 1720354009,
        "narHash": "sha256-kTQpFfjJwzmAg3z4ibaCV7gfaTeOTEimam0lDIbjRSE=",
        "owner": "mars-research",
        "repo": "mars-std",
        "rev": "d1e8ab2fa88460c18bf826b44773a4971bd0baec",
        "type": "github"
      },
      "original": {
        "owner": "mars-research",
        "repo": "mars-std",
        "type": "github"
      }
    },
    "move": {
      "flake": false,
      "locked": {
        "lastModified": 1696773793,
        "narHash": "sha256-9cVlnM9hpTJP8X7aYQeexlhT+s3/HgYqdGnFkjDZPQg=",
        "owner": "matze",
        "repo": "vim-move",
        "rev": "3c4195de0748da9bba25c54d78d959d349e93c55",
        "type": "github"
      },
      "original": {
        "owner": "matze",
        "repo": "vim-move",
        "type": "github"
      }
    },
    "nixpkgs": {
      "locked": {
        "lastModified": 1704290814,
        "narHash": "sha256-LWvKHp7kGxk/GEtlrGYV68qIvPHkU9iToomNFGagixU=",
        "owner": "NixOS",
        "repo": "nixpkgs",
        "rev": "70bdadeb94ffc8806c0570eb5c2695ad29f0e421",
        "type": "github"
      },
      "original": {
        "owner": "NixOS",
        "ref": "nixos-23.05",
        "repo": "nixpkgs",
        "type": "github"
      }
    },
    "nixpkgs_2": {
      "locked": {
        "lastModified": 1720418205,
        "narHash": "sha256-cPJoFPXU44GlhWg4pUk9oUPqurPlCFZ11ZQPk21GTPU=",
        "owner": "nixos",
        "repo": "nixpkgs",
        "rev": "655a58a72a6601292512670343087c2d75d859c1",
        "type": "github"
      },
      "original": {
        "owner": "nixos",
        "ref": "nixos-unstable",
        "repo": "nixpkgs",
        "type": "github"
      }
    },
    "noice": {
      "flake": false,
      "locked": {
        "lastModified": 1720337185,
        "narHash": "sha256-NzmLtO1RW5E8vMJix0X4AUzOlnfmaku7xzpnT5r4PV4=",
        "owner": "folke",
        "repo": "noice.nvim",
        "rev": "04ff1defa257db569a687ec16051a27fbaeb0e2f",
        "type": "github"
      },
      "original": {
        "owner": "folke",
        "repo": "noice.nvim",
        "type": "github"
      }
    },
    "notify": {
      "flake": false,
      "locked": {
        "lastModified": 1715959703,
        "narHash": "sha256-wxyHwL/uFdp6w32CVHgSOWkzRrIRuFvWh+J2401RAAA=",
        "owner": "rcarriga",
        "repo": "nvim-notify",
        "rev": "d333b6f167900f6d9d42a59005d82919830626bf",
        "type": "github"
      },
      "original": {
        "owner": "rcarriga",
        "repo": "nvim-notify",
        "type": "github"
      }
    },
    "nui": {
      "flake": false,
      "locked": {
        "lastModified": 1719375254,
        "narHash": "sha256-o2iNktcWxL0oCtCkbARMiWnTlZA8QWQHy2qeOanBlO4=",
        "owner": "MunifTanjim",
        "repo": "nui.nvim",
        "rev": "61574ce6e60c815b0a0c4b5655b8486ba58089a1",
        "type": "github"
      },
      "original": {
        "owner": "MunifTanjim",
        "repo": "nui.nvim",
        "type": "github"
      }
    },
    "numb": {
      "flake": false,
      "locked": {
        "lastModified": 1692950047,
        "narHash": "sha256-ViNGuHce7tIdt4nW6dTK6uj9P0c4fEJ+PX4XhEe4isA=",
        "owner": "nacro90",
        "repo": "numb.nvim",
        "rev": "3f7d4a74bd456e747a1278ea1672b26116e0824d",
        "type": "github"
      },
      "original": {
        "owner": "nacro90",
        "repo": "numb.nvim",
        "type": "github"
      }
    },
    "nvim-tree": {
      "flake": false,
      "locked": {
        "lastModified": 1720331584,
        "narHash": "sha256-QpdNA09KLwDl6YaPgXHmWPi1noDU53nzWYXxLHpaR2o=",
        "owner": "kyazdani42",
        "repo": "nvim-tree.lua",
        "rev": "12a9a995a455d2c2466e47140663275365a5d2fc",
        "type": "github"
      },
      "original": {
        "owner": "kyazdani42",
        "repo": "nvim-tree.lua",
        "type": "github"
      }
    },
    "plenary": {
      "flake": false,
      "locked": {
        "lastModified": 1716230027,
        "narHash": "sha256-5Jf2mWFVDofXBcXLbMa417mqlEPWLA+cQIZH/vNEV1g=",
        "owner": "nvim-lua",
        "repo": "plenary.nvim",
        "rev": "a3e3bc82a3f95c5ed0d7201546d5d2c19b20d683",
        "type": "github"
      },
      "original": {
        "owner": "nvim-lua",
        "repo": "plenary.nvim",
        "type": "github"
      }
    },
    "render-markdown": {
      "flake": false,
      "locked": {
        "lastModified": 1725169076,
        "narHash": "sha256-76KY/gKSz+oJPsCHBnUl+Xd6epONQBcaP0qBr+5F9z8=",
        "owner": "MeanderingProgrammer",
        "repo": "render-markdown.nvim",
        "rev": "d228a3cb40f9e9687c3142cca1f46c4d3e985f7a",
        "type": "github"
      },
      "original": {
        "owner": "MeanderingProgrammer",
        "repo": "render-markdown.nvim",
        "type": "github"
      }
    },
    "repeat": {
      "flake": false,
      "locked": {
        "lastModified": 1720473942,
        "narHash": "sha256-G/dmkq1KtSHIl+I5p3LfO6mGPS3eyLRbEEsuLbTpGlk=",
        "owner": "tpope",
        "repo": "vim-repeat",
        "rev": "65846025c15494983dafe5e3b46c8f88ab2e9635",
        "type": "github"
      },
      "original": {
        "owner": "tpope",
        "repo": "vim-repeat",
        "type": "github"
      }
    },
    "root": {
      "inputs": {
        "alpha": "alpha",
        "autopairs": "autopairs",
        "avante": "avante",
        "catppuccin": "catppuccin",
        "cmp": "cmp",
        "cmp-buffer": "cmp-buffer",
        "cmp-calc": "cmp-calc",
        "cmp-luasnip": "cmp-luasnip",
        "cmp-nvim-lsp": "cmp-nvim-lsp",
        "cmp-path": "cmp-path",
        "cmp-treesitter": "cmp-treesitter",
        "code-action-menu": "code-action-menu",
        "cokeline": "cokeline",
        "commentary": "commentary",
        "devicons": "devicons",
        "dressing": "dressing",
        "exrc": "exrc",
        "friendly-snippets": "friendly-snippets",
        "fugitive": "fugitive",
        "galaxyline": "galaxyline",
        "gitsigns": "gitsigns",
        "glow": "glow",
        "indent-blankline": "indent-blankline",
        "lazygit": "lazygit",
        "lsp_signature": "lsp_signature",
        "lspconfig": "lspconfig",
        "lspkind": "lspkind",
        "lspsaga": "lspsaga",
        "luasnip": "luasnip",
        "mars-std": "mars-std",
        "move": "move",
        "nixpkgs": "nixpkgs_2",
        "noice": "noice",
        "notify": "notify",
        "nui": "nui",
        "numb": "numb",
        "nvim-tree": "nvim-tree",
        "plenary": "plenary",
        "render-markdown": "render-markdown",
        "repeat": "repeat",
        "rust-tools": "rust-tools",
        "scnvim": "scnvim",
        "surround": "surround",
        "symbols-outline": "symbols-outline",
        "telescope": "telescope",
        "treesitter": "treesitter",
        "treesitter-context": "treesitter-context",
        "true-zen": "true-zen",
        "vim-nix": "vim-nix",
        "vimtex": "vimtex"
      }
    },
    "rust-overlay": {
      "inputs": {
        "nixpkgs": [
          "mars-std",
          "nixpkgs"
        ]
      },
      "locked": {
        "lastModified": 1720318855,
        "narHash": "sha256-w3CCVK9LJ5aznXGkO1IyAlbvMNJfyA+dBF7Z1Zwx1LA=",
        "owner": "oxalica",
        "repo": "rust-overlay",
        "rev": "3eed08a074cd2000884a69d448d70da2843f7103",
        "type": "github"
      },
      "original": {
        "owner": "oxalica",
        "repo": "rust-overlay",
        "type": "github"
      }
    },
    "rust-tools": {
      "flake": false,
      "locked": {
        "lastModified": 1704259376,
        "narHash": "sha256-kFane5ze7VDiOzF7jdmXkr50XQsNvdb+a9HQtybEVE0=",
        "owner": "simrat39",
        "repo": "rust-tools.nvim",
        "rev": "676187908a1ce35ffcd727c654ed68d851299d3e",
        "type": "github"
      },
      "original": {
        "owner": "simrat39",
        "repo": "rust-tools.nvim",
        "type": "github"
      }
    },
    "scnvim": {
      "flake": false,
      "locked": {
        "lastModified": 1715791622,
        "narHash": "sha256-Q2TD1wv+f9XYRiOMKQQQ19SjhoUUmeU4HEqad9cA+RE=",
        "owner": "davidgranstrom",
        "repo": "scnvim",
        "rev": "de0fbc35ddbe023622371211f5cf599a4a960087",
        "type": "github"
      },
      "original": {
        "owner": "davidgranstrom",
        "repo": "scnvim",
        "type": "github"
      }
    },
    "surround": {
      "flake": false,
      "locked": {
        "lastModified": 1666730476,
        "narHash": "sha256-DZE5tkmnT+lAvx/RQHaDEgEJXRKsy56KJY919xiH1lE=",
        "owner": "tpope",
        "repo": "vim-surround",
        "rev": "3d188ed2113431cf8dac77be61b842acb64433d9",
        "type": "github"
      },
      "original": {
        "owner": "tpope",
        "repo": "vim-surround",
        "type": "github"
      }
    },
    "symbols-outline": {
      "flake": false,
      "locked": {
        "lastModified": 1704259539,
        "narHash": "sha256-rX/JTsiUMBwixU/8y31HY5zjFosFDreVAPgLKNz7L8s=",
        "owner": "simrat39",
        "repo": "symbols-outline.nvim",
        "rev": "564ee65dfc9024bdde73a6621820866987cbb256",
        "type": "github"
      },
      "original": {
        "owner": "simrat39",
        "repo": "symbols-outline.nvim",
        "type": "github"
      }
    },
    "systems": {
      "locked": {
        "lastModified": 1681028828,
        "narHash": "sha256-Vy1rq5AaRuLzOxct8nz4T6wlgyUR7zLU309k9mBC768=",
        "owner": "nix-systems",
        "repo": "default",
        "rev": "da67096a3b9bf56a91d16901293e51ba5b49a27e",
        "type": "github"
      },
      "original": {
        "owner": "nix-systems",
        "repo": "default",
        "type": "github"
      }
    },
    "telescope": {
      "flake": false,
      "locked": {
        "lastModified": 1719860810,
        "narHash": "sha256-U6fgii9FlJy+bHAtYVnZEOyiUAqlBHTvMFc4mo+xS/s=",
        "owner": "nvim-telescope",
        "repo": "telescope.nvim",
        "rev": "bfcc7d5c6f12209139f175e6123a7b7de6d9c18a",
        "type": "github"
      },
      "original": {
        "owner": "nvim-telescope",
        "repo": "telescope.nvim",
        "type": "github"
      }
    },
    "treesitter": {
      "flake": false,
      "locked": {
        "lastModified": 1720510138,
        "narHash": "sha256-/i74QlTAYfpKs02C4qqWasPLpIPcIpS+BRGw/t9JlGE=",
        "owner": "nvim-treesitter",
        "repo": "nvim-treesitter",
        "rev": "c1ad655b6a0c83ab48e55240f367e2bc0c15af31",
        "type": "github"
      },
      "original": {
        "owner": "nvim-treesitter",
        "repo": "nvim-treesitter",
        "type": "github"
      }
    },
    "treesitter-context": {
      "flake": false,
      "locked": {
        "lastModified": 1652175020,
        "narHash": "sha256-dYw/Y6+Eni7gTSjvCCl7E6ho8xSTxDYAwH3xGEhf54Q=",
        "owner": "lewis6991",
        "repo": "nvim-treesitter-context",
        "rev": "c931a3136a696c1827eda78ac678aea542115bd0",
        "type": "github"
      },
      "original": {
        "owner": "lewis6991",
        "repo": "nvim-treesitter-context",
        "type": "github"
      }
    },
    "true-zen": {
      "flake": false,
      "locked": {
        "lastModified": 1686314140,
        "narHash": "sha256-euaxTWS98i14wvuKrFvdCRigsKqrSUwZpMEmYtUBBss=",
        "owner": "pocco81",
        "repo": "true-zen.nvim",
        "rev": "2b9e210e0d1a735e1fa85ec22190115dffd963aa",
        "type": "github"
      },
      "original": {
        "owner": "pocco81",
        "repo": "true-zen.nvim",
        "type": "github"
      }
    },
    "vim-nix": {
      "flake": false,
      "locked": {
        "lastModified": 1708772165,
        "narHash": "sha256-2/9eyU+uUbcKiNcBDdgdxCBp1vNSP51U/0LTHihEYJY=",
        "owner": "LnL7",
        "repo": "vim-nix",
        "rev": "e25cd0f2e5922f1f4d3cd969f92e35a9a327ffb0",
        "type": "github"
      },
      "original": {
        "owner": "LnL7",
        "repo": "vim-nix",
        "type": "github"
      }
    },
    "vimtex": {
      "flake": false,
      "locked": {
        "lastModified": 1719266767,
        "narHash": "sha256-yvwa3cnXwgnNBM91XoPpviGR2Y9tQoH2rXjz3dYkfOg=",
        "owner": "lervag",
        "repo": "vimtex",
        "rev": "2dc2a5435809c13f6f4aa07964be4ef19a7864f5",
        "type": "github"
      },
      "original": {
        "owner": "lervag",
        "repo": "vimtex",
        "type": "github"
      }
    }
  },
  "root": "root",
  "version": 7
}
