{
  "nodes": {
    "alpha": {
      "flake": false,
      "locked": {
        "lastModified": 1689470865,
        "narHash": "sha256-wgjYus4XlJ0GoQWTo5gf7yyKYhseOXKOqUXEiwXpEJQ=",
        "owner": "goolord",
        "repo": "alpha-nvim",
        "rev": "e4fc5e29b731bdf55d204c5c6a11dc3be70f3b65",
        "type": "github"
      },
      "original": {
        "owner": "goolord",
        "repo": "alpha-nvim",
        "type": "github"
      }
    },
    "autopairs": {
      "flake": false,
      "locked": {
        "lastModified": 1689332359,
        "narHash": "sha256-bu+WpW5Wfk3pS74mzVvehl7dVMHgrttmV4ZSlfwbai4=",
        "owner": "windwp",
        "repo": "nvim-autopairs",
        "rev": "ae5b41ce880a6d850055e262d6dfebd362bb276e",
        "type": "github"
      },
      "original": {
        "owner": "windwp",
        "repo": "nvim-autopairs",
        "type": "github"
      }
    },
    "catppuccin": {
      "flake": false,
      "locked": {
        "lastModified": 1690630440,
        "narHash": "sha256-MSZcIrV3vvgb5mlMpO5uRlAYoENm2pZyuZbV5Q9Vg58=",
        "owner": "catppuccin",
        "repo": "nvim",
        "rev": "057c34f849cf21059487d849e2f3b3efcd4ee0eb",
        "type": "github"
      },
      "original": {
        "owner": "catppuccin",
        "repo": "nvim",
        "type": "github"
      }
    },
    "cmp": {
      "flake": false,
      "locked": {
        "lastModified": 1688965049,
        "narHash": "sha256-Hq6YUfMQo1rHoay3/NieGCne7U/f06GwUPhN2HO0PdQ=",
        "owner": "hrsh7th",
        "repo": "nvim-cmp",
        "rev": "c4e491a87eeacf0408902c32f031d802c7eafce8",
        "type": "github"
      },
      "original": {
        "owner": "hrsh7th",
        "repo": "nvim-cmp",
        "type": "github"
      }
    },
    "cmp-buffer": {
      "flake": false,
      "locked": {
        "lastModified": 1660101488,
        "narHash": "sha256-dG4U7MtnXThoa/PD+qFtCt76MQ14V1wX8GMYcvxEnbM=",
        "owner": "hrsh7th",
        "repo": "cmp-buffer",
        "rev": "3022dbc9166796b644a841a02de8dd1cc1d311fa",
        "type": "github"
      },
      "original": {
        "owner": "hrsh7th",
        "repo": "cmp-buffer",
        "type": "github"
      }
    },
    "cmp-calc": {
      "flake": false,
      "locked": {
        "lastModified": 1668567484,
        "narHash": "sha256-GqTY4/Puk4pikjeyyMcJ8wzgb1IC7Cf4gcXx/XXmgP4=",
        "owner": "hrsh7th",
        "repo": "cmp-calc",
        "rev": "50792f34a628ea6eb31d2c90e8df174671e4e7a0",
        "type": "github"
      },
      "original": {
        "owner": "hrsh7th",
        "repo": "cmp-calc",
        "type": "github"
      }
    },
    "cmp-luasnip": {
      "flake": false,
      "locked": {
        "lastModified": 1690382684,
        "narHash": "sha256-v4nCOg7FHBkpKJQZUimMi5ViB2spznngFSA7DcTYBkM=",
        "owner": "L3MON4D3",
        "repo": "LuaSnip",
        "rev": "e81cbe6004051c390721d8570a4a0541ceb0df10",
        "type": "github"
      },
      "original": {
        "owner": "L3MON4D3",
        "repo": "LuaSnip",
        "type": "github"
      }
    },
    "cmp-nvim-lsp": {
      "flake": false,
      "locked": {
        "lastModified": 1687494203,
        "narHash": "sha256-mU0soCz79erJXMMqD/FyrJZ0mu2n6fE0deymPzQlxts=",
        "owner": "hrsh7th",
        "repo": "cmp-nvim-lsp",
        "rev": "44b16d11215dce86f253ce0c30949813c0a90765",
        "type": "github"
      },
      "original": {
        "owner": "hrsh7th",
        "repo": "cmp-nvim-lsp",
        "type": "github"
      }
    },
    "cmp-path": {
      "flake": false,
      "locked": {
        "lastModified": 1664784283,
        "narHash": "sha256-thppiiV3wjIaZnAXmsh7j3DUc6ceSCvGzviwFUnoPaI=",
        "owner": "hrsh7th",
        "repo": "cmp-path",
        "rev": "91ff86cd9c29299a64f968ebb45846c485725f23",
        "type": "github"
      },
      "original": {
        "owner": "hrsh7th",
        "repo": "cmp-path",
        "type": "github"
      }
    },
    "cmp-treesitter": {
      "flake": false,
      "locked": {
        "lastModified": 1680745848,
        "narHash": "sha256-WOcg6w4M20gpMCZjZ3DpPIA55SGLjV75fhckefiVfU0=",
        "owner": "ray-x",
        "repo": "cmp-treesitter",
        "rev": "389eadd48c27aa6dc0e6b992644704f026802a2e",
        "type": "github"
      },
      "original": {
        "owner": "ray-x",
        "repo": "cmp-treesitter",
        "type": "github"
      }
    },
    "code-action-menu": {
      "flake": false,
      "locked": {
        "lastModified": 1671523188,
        "narHash": "sha256-7szx+Me6WhrANbmfQ6C6gfSVB2owd02b3iZYhz7K6wY=",
        "owner": "weilbith",
        "repo": "nvim-code-action-menu",
        "rev": "e4399dbaf6eabff998d3d5f1cbcd8d9933710027",
        "type": "github"
      },
      "original": {
        "owner": "weilbith",
        "repo": "nvim-code-action-menu",
        "type": "github"
      }
    },
    "cokeline": {
      "flake": false,
      "locked": {
        "lastModified": 1690838139,
        "narHash": "sha256-hgHMqIeEYj58gqzzTKIA+fR1uWlWnpZ641Ycd55YA/s=",
        "owner": "noib3",
        "repo": "nvim-cokeline",
        "rev": "0d2988c6eff6c58dfc04b08639ae5ff04a21b32c",
        "type": "github"
      },
      "original": {
        "owner": "noib3",
        "repo": "nvim-cokeline",
        "type": "github"
      }
    },
    "commentary": {
      "flake": false,
      "locked": {
        "lastModified": 1667247706,
        "narHash": "sha256-wPNAXFC3rgYJ1YkyyMqfUxiiozNldrk5ifpNHhNifyY=",
        "owner": "tpope",
        "repo": "vim-commentary",
        "rev": "e87cd90dc09c2a203e13af9704bd0ef79303d755",
        "type": "github"
      },
      "original": {
        "owner": "tpope",
        "repo": "vim-commentary",
        "type": "github"
      }
    },
    "devicons": {
      "flake": false,
      "locked": {
        "lastModified": 1689474464,
        "narHash": "sha256-FtEJBhqvs+c/Rvy4qXf3iyoMTTKrDBvQw5g63n4KEYo=",
        "owner": "kyazdani42",
        "repo": "nvim-web-devicons",
        "rev": "efbfed0567ef4bfac3ce630524a0f6c8451c5534",
        "type": "github"
      },
      "original": {
        "owner": "kyazdani42",
        "repo": "nvim-web-devicons",
        "type": "github"
      }
    },
    "exrc": {
      "flake": false,
      "locked": {
        "lastModified": 1640233456,
        "narHash": "sha256-p6XUNWyQ1pgaJ22OOw701acmJHT0BwHpW99pOB67TUk=",
        "owner": "ii14",
        "repo": "exrc.vim",
        "rev": "ae734ae2c087b370d869e41a2706a128d8f3fc37",
        "type": "github"
      },
      "original": {
        "owner": "ii14",
        "repo": "exrc.vim",
        "type": "github"
      }
    },
    "flake-compat": {
      "flake": false,
      "locked": {
        "lastModified": 1673956053,
        "narHash": "sha256-4gtG9iQuiKITOjNQQeQIpoIB6b16fm+504Ch3sNKLd8=",
        "owner": "edolstra",
        "repo": "flake-compat",
        "rev": "35bb57c0c8d8b62bbfd284272c928ceb64ddbde9",
        "type": "github"
      },
      "original": {
        "owner": "edolstra",
        "repo": "flake-compat",
        "type": "github"
      }
    },
    "flake-utils": {
      "inputs": {
        "systems": "systems"
      },
      "locked": {
        "lastModified": 1681202837,
        "narHash": "sha256-H+Rh19JDwRtpVPAWp64F+rlEtxUWBAQW28eAi3SRSzg=",
        "owner": "numtide",
        "repo": "flake-utils",
        "rev": "cfacdce06f30d2b68473a46042957675eebb3401",
        "type": "github"
      },
      "original": {
        "owner": "numtide",
        "repo": "flake-utils",
        "type": "github"
      }
    },
    "flake-utils_2": {
      "inputs": {
        "systems": "systems_2"
      },
      "locked": {
        "lastModified": 1681202837,
        "narHash": "sha256-H+Rh19JDwRtpVPAWp64F+rlEtxUWBAQW28eAi3SRSzg=",
        "owner": "numtide",
        "repo": "flake-utils",
        "rev": "cfacdce06f30d2b68473a46042957675eebb3401",
        "type": "github"
      },
      "original": {
        "owner": "numtide",
        "repo": "flake-utils",
        "type": "github"
      }
    },
    "friendly-snippets": {
      "flake": false,
      "locked": {
        "lastModified": 1690173889,
        "narHash": "sha256-9RCxASS46MRI6FAjdN0V2qFRymM8dK+25J5NrSX/TNA=",
        "owner": "rafamadriz",
        "repo": "friendly-snippets",
        "rev": "bc38057e513458cb2486b6cd82d365fa294ee398",
        "type": "github"
      },
      "original": {
        "owner": "rafamadriz",
        "repo": "friendly-snippets",
        "type": "github"
      }
    },
    "fugitive": {
      "flake": false,
      "locked": {
        "lastModified": 1688507093,
        "narHash": "sha256-JAlILa/7A9L10nWJh7IIfhdNn1tpVSKyhuc0oGTekvg=",
        "owner": "tpope",
        "repo": "vim-fugitive",
        "rev": "b3b838d690f315a503ec4af8c634bdff3b200aaf",
        "type": "github"
      },
      "original": {
        "owner": "tpope",
        "repo": "vim-fugitive",
        "type": "github"
      }
    },
    "galaxyline": {
      "flake": false,
      "locked": {
        "lastModified": 1673154369,
        "narHash": "sha256-SgDl3ls6/8FGVeSTNh7C69jslOm3dU1V2X//OBjCxxk=",
        "owner": "glepnir",
        "repo": "galaxyline.nvim",
        "rev": "20f5f750002532a35193f55cd499074fc97d933d",
        "type": "github"
      },
      "original": {
        "owner": "glepnir",
        "repo": "galaxyline.nvim",
        "type": "github"
      }
    },
    "gitsigns": {
      "flake": false,
      "locked": {
        "lastModified": 1690463120,
        "narHash": "sha256-kraK0GP5aLGbh1eVZCm41D6BztjFxthSXGnE5CxhrZs=",
        "owner": "lewis6991",
        "repo": "gitsigns.nvim",
        "rev": "5d73da785a3c05fd63ac31769079db05169a6ec7",
        "type": "github"
      },
      "original": {
        "owner": "lewis6991",
        "repo": "gitsigns.nvim",
        "type": "github"
      }
    },
    "glow": {
      "flake": false,
      "locked": {
        "lastModified": 1690579937,
        "narHash": "sha256-ZDlQfSJHq9CbOpTDgmIoMq4gDzHxoUslFfN5XKtrDtM=",
        "owner": "ellisonleao",
        "repo": "glow.nvim",
        "rev": "8942dfb05794f436af4fbc90a34393f1fd36f361",
        "type": "github"
      },
      "original": {
        "owner": "ellisonleao",
        "repo": "glow.nvim",
        "type": "github"
      }
    },
    "indent-blankline": {
      "flake": false,
      "locked": {
        "lastModified": 1688727830,
        "narHash": "sha256-efMRkxjbr6o7kSKAEn0Kaw8lsDubRmc1N0Kd1BZ3A7k=",
        "owner": "lukas-reineke",
        "repo": "indent-blankline.nvim",
        "rev": "4541d690816cb99a7fc248f1486aa87f3abce91c",
        "type": "github"
      },
      "original": {
        "owner": "lukas-reineke",
        "repo": "indent-blankline.nvim",
        "type": "github"
      }
    },
    "lazygit": {
      "flake": false,
      "locked": {
        "lastModified": 1689963044,
        "narHash": "sha256-cFM4QL1e2KShwcZsorV44wsUc+FzwQ/i9nirFkrkeyY=",
        "owner": "kdheepak",
        "repo": "lazygit.nvim",
        "rev": "1578fa3db0a707393d690a2357e7de6a47081ce0",
        "type": "github"
      },
      "original": {
        "owner": "kdheepak",
        "repo": "lazygit.nvim",
        "type": "github"
      }
    },
    "lsp_signature": {
      "flake": false,
      "locked": {
        "lastModified": 1690267930,
        "narHash": "sha256-qvcs0KuO2/NdtiTZIxJ2vrwV0I5PjzjMvoAePPasaJM=",
        "owner": "ray-x",
        "repo": "lsp_signature.nvim",
        "rev": "58d4e810801da74c29313da86075d6aea537501f",
        "type": "github"
      },
      "original": {
        "owner": "ray-x",
        "repo": "lsp_signature.nvim",
        "type": "github"
      }
    },
    "lspconfig": {
      "flake": false,
      "locked": {
        "lastModified": 1690871061,
        "narHash": "sha256-X3LdOeCZoxNH5hHAYQntLJF9HCPs1yKO3qiHqVhE7DY=",
        "owner": "neovim",
        "repo": "nvim-lspconfig",
        "rev": "a59d74e12340242c0735666fb2e91afdbe6f2496",
        "type": "github"
      },
      "original": {
        "owner": "neovim",
        "repo": "nvim-lspconfig",
        "type": "github"
      }
    },
    "lspkind": {
      "flake": false,
      "locked": {
        "lastModified": 1683275543,
        "narHash": "sha256-S+qZm51hw/cRujIfHV/1x1fYyCKI4XQ0utSL8uy4l6I=",
        "owner": "onsails",
        "repo": "lspkind-nvim",
        "rev": "57610d5ab560c073c465d6faf0c19f200cb67e6e",
        "type": "github"
      },
      "original": {
        "owner": "onsails",
        "repo": "lspkind-nvim",
        "type": "github"
      }
    },
    "lspsaga": {
      "flake": false,
      "locked": {
        "lastModified": 1691044356,
        "narHash": "sha256-mtkZXo4jzAiBxlAVSp8JD/9cmJU1GXXNQitBrslTfuA=",
        "owner": "glepnir",
        "repo": "lspsaga.nvim",
        "rev": "37cee912e8d1d1d8bd0477e735a82017374061c0",
        "type": "github"
      },
      "original": {
        "owner": "glepnir",
        "repo": "lspsaga.nvim",
        "type": "github"
      }
    },
    "luasnip": {
      "flake": false,
      "locked": {
        "lastModified": 1690382684,
        "narHash": "sha256-v4nCOg7FHBkpKJQZUimMi5ViB2spznngFSA7DcTYBkM=",
        "owner": "L3MON4D3",
        "repo": "LuaSnip",
        "rev": "e81cbe6004051c390721d8570a4a0541ceb0df10",
        "type": "github"
      },
      "original": {
        "owner": "L3MON4D3",
        "repo": "LuaSnip",
        "type": "github"
      }
    },
    "mars-std": {
      "inputs": {
        "flake-compat": "flake-compat",
        "flake-utils": "flake-utils",
        "nixpkgs": "nixpkgs",
        "rust-overlay": "rust-overlay"
      },
      "locked": {
        "lastModified": 1690719975,
        "narHash": "sha256-fACh85c/KuRMV9T9DQCZEVJUPH1P8NfXJKTHJShBd08=",
        "owner": "mars-research",
        "repo": "mars-std",
        "rev": "7c8d5ddc28c4252ee14da72c6a182c05809bf888",
        "type": "github"
      },
      "original": {
        "owner": "mars-research",
        "repo": "mars-std",
        "type": "github"
      }
    },
    "move": {
      "flake": false,
      "locked": {
        "lastModified": 1683833657,
        "narHash": "sha256-Q7nfpfPka9I4kMXx4OyNosIyW/lFJZNrNAwpXT9foM0=",
        "owner": "matze",
        "repo": "vim-move",
        "rev": "244a2908ffbca3d09529b3ec24c2c090f489f401",
        "type": "github"
      },
      "original": {
        "owner": "matze",
        "repo": "vim-move",
        "type": "github"
      }
    },
    "nixpkgs": {
      "locked": {
        "lastModified": 1684573180,
        "narHash": "sha256-hCJ9OyQH+SumrkXc4owdINMYtjPj9gqZKJ/llBgiE8Q=",
        "owner": "mars-research",
        "repo": "nixpkgs",
        "rev": "eabb3a13f00b961f0563ecbbc4fdc24aa2e41b19",
        "type": "github"
      },
      "original": {
        "owner": "mars-research",
        "ref": "mars-22.11",
        "repo": "nixpkgs",
        "type": "github"
      }
    },
    "nixpkgs_2": {
      "locked": {
        "lastModified": 1681358109,
        "narHash": "sha256-eKyxW4OohHQx9Urxi7TQlFBTDWII+F+x2hklDOQPB50=",
        "owner": "NixOS",
        "repo": "nixpkgs",
        "rev": "96ba1c52e54e74c3197f4d43026b3f3d92e83ff9",
        "type": "github"
      },
      "original": {
        "owner": "NixOS",
        "ref": "nixpkgs-unstable",
        "repo": "nixpkgs",
        "type": "github"
      }
    },
    "nixpkgs_3": {
      "locked": {
        "lastModified": 1691006197,
        "narHash": "sha256-DbtxVWPt+ZP5W0Usg7jAyTomIM//c3Jtfa59Ht7AV8s=",
        "owner": "nixos",
        "repo": "nixpkgs",
        "rev": "66aedfd010204949cb225cf749be08cb13ce1813",
        "type": "github"
      },
      "original": {
        "owner": "nixos",
        "ref": "nixos-unstable",
        "repo": "nixpkgs",
        "type": "github"
      }
    },
    "noice": {
      "flake": false,
      "locked": {
        "lastModified": 1690306450,
        "narHash": "sha256-Zca6meJkfF4fl17Y+6s77GYrqnhkkzIYW73vAhKg7e4=",
        "owner": "folke",
        "repo": "noice.nvim",
        "rev": "894db25ec726d32047799d4d0a982b701bec453b",
        "type": "github"
      },
      "original": {
        "owner": "folke",
        "repo": "noice.nvim",
        "type": "github"
      }
    },
    "notice": {
      "flake": false,
      "locked": {
        "lastModified": 1689828309,
        "narHash": "sha256-nSUs9zAX7hQ3PuFrH4zQblMfTY6ALDNggmqaQnkbR5E=",
        "owner": "MunifTanjim",
        "repo": "nui.nvim",
        "rev": "9e3916e784660f55f47daa6f26053ad044db5d6a",
        "type": "github"
      },
      "original": {
        "owner": "MunifTanjim",
        "repo": "nui.nvim",
        "type": "github"
      }
    },
    "nui": {
      "flake": false,
      "locked": {
        "lastModified": 1685978736,
        "narHash": "sha256-Rr2tzuEr06M9ZbvQbC07qcxkyjFJFYdABwRpYelKBFI=",
        "owner": "rcarriga",
        "repo": "nvim-notify",
        "rev": "ea9c8ce7a37f2238f934e087c255758659948e0f",
        "type": "github"
      },
      "original": {
        "owner": "rcarriga",
        "repo": "nvim-notify",
        "type": "github"
      }
    },
    "numb": {
      "flake": false,
      "locked": {
        "lastModified": 1677958100,
        "narHash": "sha256-SXFmI8MnxYoaTGASD1gtAb2xbvea9LBDz6yZcUxoScs=",
        "owner": "nacro90",
        "repo": "numb.nvim",
        "rev": "2c89245d1185e02fec1494c45bc765a38b6b40b3",
        "type": "github"
      },
      "original": {
        "owner": "nacro90",
        "repo": "numb.nvim",
        "type": "github"
      }
    },
    "nvim-tree": {
      "flake": false,
      "locked": {
        "lastModified": 1690851238,
        "narHash": "sha256-CuRZXGVrLDGvmyrUViJcmAetxdKStYX8lI5cTdAIYek=",
        "owner": "kyazdani42",
        "repo": "nvim-tree.lua",
        "rev": "0a89dcb464b433d2d7b97a8f15d0b608c718dc13",
        "type": "github"
      },
      "original": {
        "owner": "kyazdani42",
        "repo": "nvim-tree.lua",
        "type": "github"
      }
    },
    "plenary": {
      "flake": false,
      "locked": {
        "lastModified": 1689589150,
        "narHash": "sha256-oRtNcURQzrIRS3D88tWAl3HuFHxVJr8m/zzL7xoa/II=",
        "owner": "nvim-lua",
        "repo": "plenary.nvim",
        "rev": "267282a9ce242bbb0c5dc31445b6d353bed978bb",
        "type": "github"
      },
      "original": {
        "owner": "nvim-lua",
        "repo": "plenary.nvim",
        "type": "github"
      }
    },
    "repeat": {
      "flake": false,
      "locked": {
        "lastModified": 1611544268,
        "narHash": "sha256-8rfZa3uKXB3TRCqaDHZ6DfzNbm7WaYnLvmTNzYtnKHg=",
        "owner": "tpope",
        "repo": "vim-repeat",
        "rev": "24afe922e6a05891756ecf331f39a1f6743d3d5a",
        "type": "github"
      },
      "original": {
        "owner": "tpope",
        "repo": "vim-repeat",
        "type": "github"
      }
    },
    "root": {
      "inputs": {
        "alpha": "alpha",
        "autopairs": "autopairs",
        "catppuccin": "catppuccin",
        "cmp": "cmp",
        "cmp-buffer": "cmp-buffer",
        "cmp-calc": "cmp-calc",
        "cmp-luasnip": "cmp-luasnip",
        "cmp-nvim-lsp": "cmp-nvim-lsp",
        "cmp-path": "cmp-path",
        "cmp-treesitter": "cmp-treesitter",
        "code-action-menu": "code-action-menu",
        "cokeline": "cokeline",
        "commentary": "commentary",
        "devicons": "devicons",
        "exrc": "exrc",
        "friendly-snippets": "friendly-snippets",
        "fugitive": "fugitive",
        "galaxyline": "galaxyline",
        "gitsigns": "gitsigns",
        "glow": "glow",
        "indent-blankline": "indent-blankline",
        "lazygit": "lazygit",
        "lsp_signature": "lsp_signature",
        "lspconfig": "lspconfig",
        "lspkind": "lspkind",
        "lspsaga": "lspsaga",
        "luasnip": "luasnip",
        "mars-std": "mars-std",
        "move": "move",
        "nixpkgs": "nixpkgs_3",
        "noice": "noice",
        "notice": "notice",
        "nui": "nui",
        "numb": "numb",
        "nvim-tree": "nvim-tree",
        "plenary": "plenary",
        "repeat": "repeat",
        "rust-tools": "rust-tools",
        "surround": "surround",
        "symbols-outline": "symbols-outline",
        "telescope": "telescope",
        "treesitter": "treesitter",
        "treesitter-context": "treesitter-context",
        "vim-nix": "vim-nix",
        "vimtex": "vimtex"
      }
    },
    "rust-overlay": {
      "inputs": {
        "flake-utils": "flake-utils_2",
        "nixpkgs": "nixpkgs_2"
      },
      "locked": {
        "lastModified": 1690683485,
        "narHash": "sha256-Sp/QpbMg86v12xhCsa6q0yTH8LYaJIcxzbf9LO1zFzM=",
        "owner": "oxalica",
        "repo": "rust-overlay",
        "rev": "05d480a7aef1aae1bfb67a39134dcf48c5322528",
        "type": "github"
      },
      "original": {
        "owner": "oxalica",
        "repo": "rust-overlay",
        "type": "github"
      }
    },
    "rust-tools": {
      "flake": false,
      "locked": {
        "lastModified": 1689033186,
        "narHash": "sha256-jtfyDxifchznUupLSao6nmpVqaX1yO0xN+NhqS9fgxg=",
        "owner": "simrat39",
        "repo": "rust-tools.nvim",
        "rev": "0cc8adab23117783a0292a0c8a2fbed1005dc645",
        "type": "github"
      },
      "original": {
        "owner": "simrat39",
        "repo": "rust-tools.nvim",
        "type": "github"
      }
    },
    "surround": {
      "flake": false,
      "locked": {
        "lastModified": 1666730476,
        "narHash": "sha256-DZE5tkmnT+lAvx/RQHaDEgEJXRKsy56KJY919xiH1lE=",
        "owner": "tpope",
        "repo": "vim-surround",
        "rev": "3d188ed2113431cf8dac77be61b842acb64433d9",
        "type": "github"
      },
      "original": {
        "owner": "tpope",
        "repo": "vim-surround",
        "type": "github"
      }
    },
    "symbols-outline": {
      "flake": false,
      "locked": {
        "lastModified": 1674686373,
        "narHash": "sha256-Kori/wRtg/bz4luU5esUwIaZ+4G6Ilb4T02xE0J+hYU=",
        "owner": "simrat39",
        "repo": "symbols-outline.nvim",
        "rev": "512791925d57a61c545bc303356e8a8f7869763c",
        "type": "github"
      },
      "original": {
        "owner": "simrat39",
        "repo": "symbols-outline.nvim",
        "type": "github"
      }
    },
    "systems": {
      "locked": {
        "lastModified": 1681028828,
        "narHash": "sha256-Vy1rq5AaRuLzOxct8nz4T6wlgyUR7zLU309k9mBC768=",
        "owner": "nix-systems",
        "repo": "default",
        "rev": "da67096a3b9bf56a91d16901293e51ba5b49a27e",
        "type": "github"
      },
      "original": {
        "owner": "nix-systems",
        "repo": "default",
        "type": "github"
      }
    },
    "systems_2": {
      "locked": {
        "lastModified": 1681028828,
        "narHash": "sha256-Vy1rq5AaRuLzOxct8nz4T6wlgyUR7zLU309k9mBC768=",
        "owner": "nix-systems",
        "repo": "default",
        "rev": "da67096a3b9bf56a91d16901293e51ba5b49a27e",
        "type": "github"
      },
      "original": {
        "owner": "nix-systems",
        "repo": "default",
        "type": "github"
      }
    },
    "telescope": {
      "flake": false,
      "locked": {
        "lastModified": 1690849373,
        "narHash": "sha256-RtnsN0lssWAAXYPnzxqdVuALGfnrsMCrqRs7cQyP6TU=",
        "owner": "nvim-telescope",
        "repo": "telescope.nvim",
        "rev": "d2e17ba18a6840b7e7079764b282616c3188e0de",
        "type": "github"
      },
      "original": {
        "owner": "nvim-telescope",
        "repo": "telescope.nvim",
        "type": "github"
      }
    },
    "treesitter": {
      "flake": false,
      "locked": {
        "lastModified": 1691066739,
        "narHash": "sha256-3bH1sPhI0AMnefwaF9xXZx9HZioX8wdSliTZTpvuKsE=",
        "owner": "nvim-treesitter",
        "repo": "nvim-treesitter",
        "rev": "131f665f9008d69d130f76f77603886e75c4b146",
        "type": "github"
      },
      "original": {
        "owner": "nvim-treesitter",
        "repo": "nvim-treesitter",
        "type": "github"
      }
    },
    "treesitter-context": {
      "flake": false,
      "locked": {
        "lastModified": 1652175020,
        "narHash": "sha256-dYw/Y6+Eni7gTSjvCCl7E6ho8xSTxDYAwH3xGEhf54Q=",
        "owner": "lewis6991",
        "repo": "nvim-treesitter-context",
        "rev": "c931a3136a696c1827eda78ac678aea542115bd0",
        "type": "github"
      },
      "original": {
        "owner": "lewis6991",
        "repo": "nvim-treesitter-context",
        "type": "github"
      }
    },
    "vim-nix": {
      "flake": false,
      "locked": {
        "lastModified": 1690632691,
        "narHash": "sha256-x6/WNMWFbR/1uLAeMawlwmp4b1ak+YRWu7abwx+9TRs=",
        "owner": "LnL7",
        "repo": "vim-nix",
        "rev": "1e8d3cc4d74f40fb384cd1739739543fe117ff61",
        "type": "github"
      },
      "original": {
        "owner": "LnL7",
        "repo": "vim-nix",
        "type": "github"
      }
    },
    "vimtex": {
      "flake": false,
      "locked": {
        "lastModified": 1690319546,
        "narHash": "sha256-WCe4Y6vdpaJvYQltG1xCOZ7t0IJpPVuGutZYghRI3/s=",
        "owner": "lervag",
        "repo": "vimtex",
        "rev": "877de3ba5de5f766e5bfa1c3fb0d2ecfcd18f868",
        "type": "github"
      },
      "original": {
        "owner": "lervag",
        "repo": "vimtex",
        "type": "github"
      }
    }
  },
  "root": "root",
  "version": 7
}
