{
  "nodes": {
    "bufferline": {
      "flake": false,
      "locked": {
        "lastModified": 1664785317,
        "narHash": "sha256-5/qnSB96sAC6QIFZTCfc20ZIDcWcJVgwAkEGLX1ohqU=",
        "owner": "akinsho",
        "repo": "nvim-bufferline.lua",
        "rev": "5aa803aaa9d8bbbca77d0c8df8ddc0b62c19ff6a",
        "type": "github"
      },
      "original": {
        "owner": "akinsho",
        "repo": "nvim-bufferline.lua",
        "type": "github"
      }
    },
    "catppuccin": {
      "flake": false,
      "locked": {
        "lastModified": 1664935658,
        "narHash": "sha256-NK+E23cW44QzClTIx5R1NlecJyii4gf5LVaQ5lSpJO4=",
        "owner": "catppuccin",
        "repo": "nvim",
        "rev": "4b19d944c1562cf9ffeaeb098502e99734973db9",
        "type": "github"
      },
      "original": {
        "owner": "catppuccin",
        "repo": "nvim",
        "type": "github"
      }
    },
    "devicons": {
      "flake": false,
      "locked": {
        "lastModified": 1664809554,
        "narHash": "sha256-ykzQV09P8E7ZkWmaVoj+Ah68ZfLrt7irAAfnkeFXhqQ=",
        "owner": "kyazdani42",
        "repo": "nvim-web-devicons",
        "rev": "a8cf88cbdb5c58e2b658e179c4b2aa997479b3da",
        "type": "github"
      },
      "original": {
        "owner": "kyazdani42",
        "repo": "nvim-web-devicons",
        "type": "github"
      }
    },
    "flake-compat": {
      "flake": false,
      "locked": {
        "lastModified": 1627913399,
        "narHash": "sha256-hY8g6H2KFL8ownSiFeMOjwPC8P0ueXpCVEbxgda3pko=",
        "owner": "edolstra",
        "repo": "flake-compat",
        "rev": "12c64ca55c1014cdc1b16ed5a804aa8576601ff2",
        "type": "github"
      },
      "original": {
        "owner": "edolstra",
        "repo": "flake-compat",
        "type": "github"
      }
    },
    "flake-utils": {
      "locked": {
        "lastModified": 1637014545,
        "narHash": "sha256-26IZAc5yzlD9FlDT54io1oqG/bBoyka+FJk5guaX4x4=",
        "owner": "numtide",
        "repo": "flake-utils",
        "rev": "bba5dcc8e0b20ab664967ad83d24d64cb64ec4f4",
        "type": "github"
      },
      "original": {
        "owner": "numtide",
        "repo": "flake-utils",
        "type": "github"
      }
    },
    "flake-utils_2": {
      "locked": {
        "lastModified": 1656928814,
        "narHash": "sha256-RIFfgBuKz6Hp89yRr7+NR5tzIAbn52h8vT6vXkYjZoM=",
        "owner": "numtide",
        "repo": "flake-utils",
        "rev": "7e2a3b3dfd9af950a856d66b0a7d01e3c18aa249",
        "type": "github"
      },
      "original": {
        "owner": "numtide",
        "repo": "flake-utils",
        "type": "github"
      }
    },
    "indent-blankline": {
      "flake": false,
      "locked": {
        "lastModified": 1662104776,
        "narHash": "sha256-d+G+tLdvD8OxENIRobAv0ATl4gGQdoz3RPuBrPA3PuU=",
        "owner": "lukas-reineke",
        "repo": "indent-blankline.nvim",
        "rev": "db7cbcb40cc00fc5d6074d7569fb37197705e7f6",
        "type": "github"
      },
      "original": {
        "owner": "lukas-reineke",
        "repo": "indent-blankline.nvim",
        "type": "github"
      }
    },
    "mars-std": {
      "inputs": {
        "flake-compat": "flake-compat",
        "flake-utils": "flake-utils",
        "nixpkgs": "nixpkgs",
        "rust-overlay": "rust-overlay"
      },
      "locked": {
        "lastModified": 1664712294,
        "narHash": "sha256-s3qFRAN+cmq/85sUYdS+kUe+4SKi7opm53srZHJ+vFM=",
        "owner": "mars-research",
        "repo": "mars-std",
        "rev": "3d19399bc4abf85148adc791e366fde452664311",
        "type": "github"
      },
      "original": {
        "owner": "mars-research",
        "repo": "mars-std",
        "type": "github"
      }
    },
    "nixpkgs": {
      "locked": {
        "lastModified": 1664144125,
        "narHash": "sha256-xP+/5HHo6fXEnM1EUhAGKin21SpCnUAmVpnCOPNS7Xc=",
        "owner": "mars-research",
        "repo": "nixpkgs",
        "rev": "cb868c77f1801babb1f40b8206a31c2ce4dcdf17",
        "type": "github"
      },
      "original": {
        "owner": "mars-research",
        "ref": "mars-22.11",
        "repo": "nixpkgs",
        "type": "github"
      }
    },
    "nixpkgs_2": {
      "locked": {
        "lastModified": 1659102345,
        "narHash": "sha256-Vbzlz254EMZvn28BhpN8JOi5EuKqnHZ3ujFYgFcSGvk=",
        "owner": "NixOS",
        "repo": "nixpkgs",
        "rev": "11b60e4f80d87794a2a4a8a256391b37c59a1ea7",
        "type": "github"
      },
      "original": {
        "owner": "NixOS",
        "ref": "nixpkgs-unstable",
        "repo": "nixpkgs",
        "type": "github"
      }
    },
    "nixpkgs_3": {
      "locked": {
        "lastModified": 1664780719,
        "narHash": "sha256-Oxe6la5dSqRfJogjtY4sRzJjDDqvroJIVkcGEOT87MA=",
        "owner": "nixos",
        "repo": "nixpkgs",
        "rev": "fd54651f5ffb4a36e8463e0c327a78442b26cbe7",
        "type": "github"
      },
      "original": {
        "owner": "nixos",
        "ref": "nixos-unstable",
        "repo": "nixpkgs",
        "type": "github"
      }
    },
    "plenary": {
      "flake": false,
      "locked": {
        "lastModified": 1664607953,
        "narHash": "sha256-lIdBrVpi+vUudeotjFAuw4C0VT8TPoFE9cVVAQEsAYU=",
        "owner": "nvim-lua",
        "repo": "plenary.nvim",
        "rev": "4b7e52044bbb84242158d977a50c4cbcd85070c7",
        "type": "github"
      },
      "original": {
        "owner": "nvim-lua",
        "repo": "plenary.nvim",
        "type": "github"
      }
    },
    "root": {
      "inputs": {
        "bufferline": "bufferline",
        "catppuccin": "catppuccin",
        "devicons": "devicons",
        "indent-blankline": "indent-blankline",
        "mars-std": "mars-std",
        "nixpkgs": "nixpkgs_3",
        "plenary": "plenary",
        "telescope": "telescope",
        "treesitter": "treesitter",
        "treesitter-context": "treesitter-context"
      }
    },
    "rust-overlay": {
      "inputs": {
        "flake-utils": "flake-utils_2",
        "nixpkgs": "nixpkgs_2"
      },
      "locked": {
        "lastModified": 1664679821,
        "narHash": "sha256-rzOIFyQPZ3e/p5cDq4GH4mJNj5E0NHbwQ7LyrpneVW8=",
        "owner": "oxalica",
        "repo": "rust-overlay",
        "rev": "a09b07580c024fa08aa33dab9b4fae16be3f71bd",
        "type": "github"
      },
      "original": {
        "owner": "oxalica",
        "repo": "rust-overlay",
        "type": "github"
      }
    },
    "telescope": {
      "flake": false,
      "locked": {
        "lastModified": 1664558965,
        "narHash": "sha256-Dea+65ZTvItjr/sP7uARYdmIvl9s/Gxns1XIX7sMvTg=",
        "owner": "nvim-telescope",
        "repo": "telescope.nvim",
        "rev": "76ea9a898d3307244dce3573392dcf2cc38f340f",
        "type": "github"
      },
      "original": {
        "owner": "nvim-telescope",
        "repo": "telescope.nvim",
        "type": "github"
      }
    },
    "treesitter": {
      "flake": false,
      "locked": {
        "lastModified": 1664785779,
        "narHash": "sha256-Ia7bexjruXikvfKYM7IQY/+3raa5Y1iLY/kEbO/L8Ac=",
        "owner": "nvim-treesitter",
        "repo": "nvim-treesitter",
        "rev": "7ccb9a056fa43da243e3a439109c354c551c51b6",
        "type": "github"
      },
      "original": {
        "owner": "nvim-treesitter",
        "repo": "nvim-treesitter",
        "type": "github"
      }
    },
    "treesitter-context": {
      "flake": false,
      "locked": {
        "lastModified": 1652175020,
        "narHash": "sha256-dYw/Y6+Eni7gTSjvCCl7E6ho8xSTxDYAwH3xGEhf54Q=",
        "owner": "lewis6991",
        "repo": "nvim-treesitter-context",
        "rev": "c931a3136a696c1827eda78ac678aea542115bd0",
        "type": "github"
      },
      "original": {
        "owner": "lewis6991",
        "repo": "nvim-treesitter-context",
        "type": "github"
      }
    }
  },
  "root": "root",
  "version": 7
}
